# THIS IS AN AUTOGENERATED FILE. DO NOT EDIT THIS FILE DIRECTLY.
# yarn lockfile v1


"@types/node@^12.7.9":
  version "12.7.9"
  resolved "https://registry.yarnpkg.com/@types/node/-/node-12.7.9.tgz#da0210f91096aa67138cf5afd04c4d629f8a406a"
  integrity sha512-P57oKTJ/vYivL2BCfxCC5tQjlS8qW31pbOL6qt99Yrjm95YdHgNZwjrTTjMBh+C2/y6PXIX4oz253+jUzxKKfQ==

async-limiter@^1.0.0:
  version "1.0.1"
  resolved "https://registry.yarnpkg.com/async-limiter/-/async-limiter-1.0.1.tgz#dd379e94f0db8310b08291f9d64c3209766617fd"
  integrity sha512-csOlWGAcRFJaI6m+F2WKdnMKr4HhdhFVBk0H/QbJFMCr+uO2kwohwXQPxw/9OCxp05r5ghVBFSyioixx3gfkNQ==

typescript@^3.6.3:
  version "3.6.3"
  resolved "https://registry.yarnpkg.com/typescript/-/typescript-3.6.3.tgz#fea942fabb20f7e1ca7164ff626f1a9f3f70b4da"
  integrity sha512-N7bceJL1CtRQ2RiG0AQME13ksR7DiuQh/QehubYcghzv20tnh+MQnQIuJddTmsbqYj+dztchykemz0zFzlvdQw==

uninet-address@^0.0.1:
  version "0.0.1"
  resolved "https://registry.yarnpkg.com/uninet-address/-/uninet-address-0.0.1.tgz#527710697f58f7c19c01e8e74aec935351b8f2ab"
  integrity sha512-orB5pY3xtQiwdT4B/L5NGowGTWUQTLxXZpWcpx3fBchCjy70Ju2gDoWLR/p04kfSRuHIzLXT/XgBPegByQVXng==

ws@^7.1.2:
  version "7.1.2"
  resolved "https://registry.yarnpkg.com/ws/-/ws-7.1.2.tgz#c672d1629de8bb27a9699eb599be47aeeedd8f73"
  integrity sha512-gftXq3XI81cJCgkUiAVixA0raD9IVmXqsylCrjRygw4+UOOGzPoxnQ6r/CnVL9i+mDncJo94tSkyrtuuQVBmrg==
  dependencies:
    async-limiter "^1.0.0"
